
Microsoft Visual Studio Solution File, Format Version 12.00
# Visual Studio Version 16
VisualStudioVersion = 16.0.810.23
MinimumVisualStudioVersion = 10.0.40219.1
Project("{FAE04EC0-301F-11D3-BF4B-00C04F79EFBC}") = "DataStructures", "DataStructures\DataStructures.csproj", "{A014A6C3-079F-4540-92E3-650DC04FD1C9}"
EndProject
Project("{FAE04EC0-301F-11D3-BF4B-00C04F79EFBC}") = "FundamentalData", "FundamentalData\FundamentalData.csproj", "{2CF59490-D053-4C0F-87D7-D3A632484E08}"
EndProject
Global
	GlobalSection(SolutionConfigurationPlatforms) = preSolution
		Debug|Any CPU = Debug|Any CPU
		Release|Any CPU = Release|Any CPU
	EndGlobalSection
	GlobalSection(ProjectConfigurationPlatforms) = postSolution
		{A014A6C3-079F-4540-92E3-650DC04FD1C9}.Debug|Any CPU.ActiveCfg = Debug|Any CPU
		{A014A6C3-079F-4540-92E3-650DC04FD1C9}.Debug|Any CPU.Build.0 = Debug|Any CPU
		{A014A6C3-079F-4540-92E3-650DC04FD1C9}.Release|Any CPU.ActiveCfg = Release|Any CPU
		{A014A6C3-079F-4540-92E3-650DC04FD1C9}.Release|Any CPU.Build.0 = Release|Any CPU
		{2CF59490-D053-4C0F-87D7-D3A632484E08}.Debug|Any CPU.ActiveCfg = Debug|Any CPU
		{2CF59490-D053-4C0F-87D7-D3A632484E08}.Debug|Any CPU.Build.0 = Debug|Any CPU
		{2CF59490-D053-4C0F-87D7-D3A632484E08}.Release|Any CPU.ActiveCfg = Release|Any CPU
		{2CF59490-D053-4C0F-87D7-D3A632484E08}.Release|Any CPU.Build.0 = Release|Any CPU
	EndGlobalSection
	GlobalSection(SolutionProperties) = preSolution
		HideSolutionNode = FALSE
	EndGlobalSection
	GlobalSection(ExtensibilityGlobals) = postSolution
		SolutionGuid = {FBD37453-492C-495E-A375-91D1A278417D}
	EndGlobalSection
EndGlobal
