
Microsoft Visual Studio Solution File, Format Version 12.00
# Visual Studio Version 16
VisualStudioVersion = 16.0.810.23
MinimumVisualStudioVersion = 10.0.40219.1
Project("{FAE04EC0-301F-11D3-BF4B-00C04F79EFBC}") = "DataStructures", "DataStructures\DataStructures.csproj", "{39DF4708-4AA4-4806-9338-C5CF1657AF59}"
EndProject
Project("{FAE04EC0-301F-11D3-BF4B-00C04F79EFBC}") = "FundamentalData", "FundamentalData\FundamentalData.csproj", "{050DE660-A1CD-4D64-A307-96B9C21ECDF5}"
EndProject
Project("{FAE04EC0-301F-11D3-BF4B-00C04F79EFBC}") = "BulkImportData", "BulkImportData\BulkImportData.csproj", "{0010281C-0BB9-4522-97C9-F86BAFB478A1}"
EndProject
Project("{FAE04EC0-301F-11D3-BF4B-00C04F79EFBC}") = "MessageBroker", "MessageBroker\MessageBroker.csproj", "{6978253D-30A8-4796-B86B-FB3F3782EAAC}"
EndProject
Project("{FAE04EC0-301F-11D3-BF4B-00C04F79EFBC}") = "IntegrationEvents", "IntegrationEvents\IntegrationEvents.csproj", "{E73C6FEE-D6BB-43F3-8DE8-8FA6F20641F1}"
EndProject
Project("{2150E333-8FDC-42A3-9474-1A3956D46DE8}") = "EventBus", "EventBus", "{9BD20E65-5643-42A6-AFDF-E47311BBD1DA}"
EndProject
Project("{FAE04EC0-301F-11D3-BF4B-00C04F79EFBC}") = "EventBus", "EventBus\EventBus\EventBus.csproj", "{79B54DB8-4B24-4D6C-8FA3-BBFA3549653B}"
EndProject
Project("{FAE04EC0-301F-11D3-BF4B-00C04F79EFBC}") = "EventBusRabbitMQ", "EventBus\EventBusRabbitMQ\EventBusRabbitMQ.csproj", "{3DC2D3DD-0998-4277-A0BC-F508030C97CB}"
EndProject
Project("{2150E333-8FDC-42A3-9474-1A3956D46DE8}") = "Fundamental Data", "Fundamental Data", "{4D0E0E59-C9FE-4026-86C3-577C0A1B83D1}"
EndProject
Project("{2150E333-8FDC-42A3-9474-1A3956D46DE8}") = "Solution Items", "Solution Items", "{9A7AF844-9DFB-4F2C-B90F-1250FF148B25}"
	ProjectSection(SolutionItems) = preProject
		NextTodos.txt = NextTodos.txt
	EndProjectSection
EndProject
Project("{FAE04EC0-301F-11D3-BF4B-00C04F79EFBC}") = "FundamentalDataHTTPClient", "FundamentalData\FundamentalDataHTTPClient\FundamentalDataHTTPClient.csproj", "{F4794637-EFE2-4B36-83C3-7D4089ABF2D3}"
EndProject
Project("{2150E333-8FDC-42A3-9474-1A3956D46DE8}") = "UserInterface", "UserInterface", "{0AF25425-544A-4606-9FF6-D2D8B603D8A6}"
EndProject
Project("{FAE04EC0-301F-11D3-BF4B-00C04F79EFBC}") = "WebUI", "WebUI\WebUI.csproj", "{3CC0B66E-0C5D-48C0-8998-D0A0AF0B9F21}"
EndProject
Project("{2150E333-8FDC-42A3-9474-1A3956D46DE8}") = "Benchmark", "Benchmark", "{48807993-8B1F-4912-A7AF-91EE5ACE7754}"
EndProject
Project("{FAE04EC0-301F-11D3-BF4B-00C04F79EFBC}") = "Benchmark", "Benchmark\Benchmark\Benchmark.csproj", "{FCA9FAC2-CC53-4F3A-8EB5-A5CAB4D5AFD9}"
EndProject
Project("{FAE04EC0-301F-11D3-BF4B-00C04F79EFBC}") = "BenchmarkClient", "Benchmark\BenchmarkClient\BenchmarkClient.csproj", "{68A8A78A-22E2-4254-89E7-F6EBCC677054}"
EndProject
Project("{2150E333-8FDC-42A3-9474-1A3956D46DE8}") = "APIGateway", "APIGateway", "{1197196A-311B-4718-ADE7-125FD9FD1B89}"
EndProject
Project("{FAE04EC0-301F-11D3-BF4B-00C04F79EFBC}") = "APIGateway", "APIGateway\APIGateway\APIGateway.csproj", "{3A44357E-B431-431A-B3AE-3FD1539B8352}"
EndProject
Project("{FAE04EC0-301F-11D3-BF4B-00C04F79EFBC}") = "InvestingMicroservicesAPIClient", "APIGateway\InvestingMicroservicesAPIClient\InvestingMicroservicesAPIClient.csproj", "{DDADDA13-D868-42CC-BE53-2626C1F92222}"
EndProject
Project("{FAE04EC0-301F-11D3-BF4B-00C04F79EFBC}") = "ExternalDataStructures", "APIGateway\ExternalDataStructures\ExternalDataStructures.csproj", "{632EB7C1-54EB-43CF-A25D-045789CE249A}"
EndProject
Project("{2150E333-8FDC-42A3-9474-1A3956D46DE8}") = "DataManagement", "DataManagement", "{4BD5A5EF-2C56-48CC-89E3-5AB8C2A86424}"
EndProject
Project("{FAE04EC0-301F-11D3-BF4B-00C04F79EFBC}") = "DataImport", "DataManagement\DataImport\DataImport.csproj", "{9C1622CE-F5DA-40E1-B89B-6116E2F21C7A}"
EndProject
Global
	GlobalSection(SolutionConfigurationPlatforms) = preSolution
		Debug|Any CPU = Debug|Any CPU
		Release|Any CPU = Release|Any CPU
	EndGlobalSection
	GlobalSection(ProjectConfigurationPlatforms) = postSolution
		{39DF4708-4AA4-4806-9338-C5CF1657AF59}.Debug|Any CPU.ActiveCfg = Debug|Any CPU
		{39DF4708-4AA4-4806-9338-C5CF1657AF59}.Debug|Any CPU.Build.0 = Debug|Any CPU
		{39DF4708-4AA4-4806-9338-C5CF1657AF59}.Release|Any CPU.ActiveCfg = Release|Any CPU
		{39DF4708-4AA4-4806-9338-C5CF1657AF59}.Release|Any CPU.Build.0 = Release|Any CPU
		{050DE660-A1CD-4D64-A307-96B9C21ECDF5}.Debug|Any CPU.ActiveCfg = Debug|Any CPU
		{050DE660-A1CD-4D64-A307-96B9C21ECDF5}.Debug|Any CPU.Build.0 = Debug|Any CPU
		{050DE660-A1CD-4D64-A307-96B9C21ECDF5}.Release|Any CPU.ActiveCfg = Release|Any CPU
		{050DE660-A1CD-4D64-A307-96B9C21ECDF5}.Release|Any CPU.Build.0 = Release|Any CPU
		{0010281C-0BB9-4522-97C9-F86BAFB478A1}.Debug|Any CPU.ActiveCfg = Debug|Any CPU
		{0010281C-0BB9-4522-97C9-F86BAFB478A1}.Debug|Any CPU.Build.0 = Debug|Any CPU
		{0010281C-0BB9-4522-97C9-F86BAFB478A1}.Release|Any CPU.ActiveCfg = Release|Any CPU
		{0010281C-0BB9-4522-97C9-F86BAFB478A1}.Release|Any CPU.Build.0 = Release|Any CPU
		{6978253D-30A8-4796-B86B-FB3F3782EAAC}.Debug|Any CPU.ActiveCfg = Debug|Any CPU
		{6978253D-30A8-4796-B86B-FB3F3782EAAC}.Debug|Any CPU.Build.0 = Debug|Any CPU
		{6978253D-30A8-4796-B86B-FB3F3782EAAC}.Release|Any CPU.ActiveCfg = Release|Any CPU
		{6978253D-30A8-4796-B86B-FB3F3782EAAC}.Release|Any CPU.Build.0 = Release|Any CPU
		{E73C6FEE-D6BB-43F3-8DE8-8FA6F20641F1}.Debug|Any CPU.ActiveCfg = Debug|Any CPU
		{E73C6FEE-D6BB-43F3-8DE8-8FA6F20641F1}.Debug|Any CPU.Build.0 = Debug|Any CPU
		{E73C6FEE-D6BB-43F3-8DE8-8FA6F20641F1}.Release|Any CPU.ActiveCfg = Release|Any CPU
		{E73C6FEE-D6BB-43F3-8DE8-8FA6F20641F1}.Release|Any CPU.Build.0 = Release|Any CPU
		{79B54DB8-4B24-4D6C-8FA3-BBFA3549653B}.Debug|Any CPU.ActiveCfg = Debug|Any CPU
		{79B54DB8-4B24-4D6C-8FA3-BBFA3549653B}.Debug|Any CPU.Build.0 = Debug|Any CPU
		{79B54DB8-4B24-4D6C-8FA3-BBFA3549653B}.Release|Any CPU.ActiveCfg = Release|Any CPU
		{79B54DB8-4B24-4D6C-8FA3-BBFA3549653B}.Release|Any CPU.Build.0 = Release|Any CPU
		{3DC2D3DD-0998-4277-A0BC-F508030C97CB}.Debug|Any CPU.ActiveCfg = Debug|Any CPU
		{3DC2D3DD-0998-4277-A0BC-F508030C97CB}.Debug|Any CPU.Build.0 = Debug|Any CPU
		{3DC2D3DD-0998-4277-A0BC-F508030C97CB}.Release|Any CPU.ActiveCfg = Release|Any CPU
		{3DC2D3DD-0998-4277-A0BC-F508030C97CB}.Release|Any CPU.Build.0 = Release|Any CPU
		{F4794637-EFE2-4B36-83C3-7D4089ABF2D3}.Debug|Any CPU.ActiveCfg = Debug|Any CPU
		{F4794637-EFE2-4B36-83C3-7D4089ABF2D3}.Debug|Any CPU.Build.0 = Debug|Any CPU
		{F4794637-EFE2-4B36-83C3-7D4089ABF2D3}.Release|Any CPU.ActiveCfg = Release|Any CPU
		{F4794637-EFE2-4B36-83C3-7D4089ABF2D3}.Release|Any CPU.Build.0 = Release|Any CPU
		{3CC0B66E-0C5D-48C0-8998-D0A0AF0B9F21}.Debug|Any CPU.ActiveCfg = Debug|Any CPU
		{3CC0B66E-0C5D-48C0-8998-D0A0AF0B9F21}.Debug|Any CPU.Build.0 = Debug|Any CPU
		{3CC0B66E-0C5D-48C0-8998-D0A0AF0B9F21}.Release|Any CPU.ActiveCfg = Release|Any CPU
		{3CC0B66E-0C5D-48C0-8998-D0A0AF0B9F21}.Release|Any CPU.Build.0 = Release|Any CPU
		{FCA9FAC2-CC53-4F3A-8EB5-A5CAB4D5AFD9}.Debug|Any CPU.ActiveCfg = Debug|Any CPU
		{FCA9FAC2-CC53-4F3A-8EB5-A5CAB4D5AFD9}.Debug|Any CPU.Build.0 = Debug|Any CPU
		{FCA9FAC2-CC53-4F3A-8EB5-A5CAB4D5AFD9}.Release|Any CPU.ActiveCfg = Release|Any CPU
		{FCA9FAC2-CC53-4F3A-8EB5-A5CAB4D5AFD9}.Release|Any CPU.Build.0 = Release|Any CPU
		{68A8A78A-22E2-4254-89E7-F6EBCC677054}.Debug|Any CPU.ActiveCfg = Debug|Any CPU
		{68A8A78A-22E2-4254-89E7-F6EBCC677054}.Debug|Any CPU.Build.0 = Debug|Any CPU
		{68A8A78A-22E2-4254-89E7-F6EBCC677054}.Release|Any CPU.ActiveCfg = Release|Any CPU
		{68A8A78A-22E2-4254-89E7-F6EBCC677054}.Release|Any CPU.Build.0 = Release|Any CPU
		{3A44357E-B431-431A-B3AE-3FD1539B8352}.Debug|Any CPU.ActiveCfg = Debug|Any CPU
		{3A44357E-B431-431A-B3AE-3FD1539B8352}.Debug|Any CPU.Build.0 = Debug|Any CPU
		{3A44357E-B431-431A-B3AE-3FD1539B8352}.Release|Any CPU.ActiveCfg = Release|Any CPU
		{3A44357E-B431-431A-B3AE-3FD1539B8352}.Release|Any CPU.Build.0 = Release|Any CPU
		{DDADDA13-D868-42CC-BE53-2626C1F92222}.Debug|Any CPU.ActiveCfg = Debug|Any CPU
		{DDADDA13-D868-42CC-BE53-2626C1F92222}.Debug|Any CPU.Build.0 = Debug|Any CPU
		{DDADDA13-D868-42CC-BE53-2626C1F92222}.Release|Any CPU.ActiveCfg = Release|Any CPU
		{DDADDA13-D868-42CC-BE53-2626C1F92222}.Release|Any CPU.Build.0 = Release|Any CPU
		{632EB7C1-54EB-43CF-A25D-045789CE249A}.Debug|Any CPU.ActiveCfg = Debug|Any CPU
		{632EB7C1-54EB-43CF-A25D-045789CE249A}.Debug|Any CPU.Build.0 = Debug|Any CPU
		{632EB7C1-54EB-43CF-A25D-045789CE249A}.Release|Any CPU.ActiveCfg = Release|Any CPU
		{632EB7C1-54EB-43CF-A25D-045789CE249A}.Release|Any CPU.Build.0 = Release|Any CPU
		{9C1622CE-F5DA-40E1-B89B-6116E2F21C7A}.Debug|Any CPU.ActiveCfg = Debug|Any CPU
		{9C1622CE-F5DA-40E1-B89B-6116E2F21C7A}.Debug|Any CPU.Build.0 = Debug|Any CPU
		{9C1622CE-F5DA-40E1-B89B-6116E2F21C7A}.Release|Any CPU.ActiveCfg = Release|Any CPU
		{9C1622CE-F5DA-40E1-B89B-6116E2F21C7A}.Release|Any CPU.Build.0 = Release|Any CPU
	EndGlobalSection
	GlobalSection(SolutionProperties) = preSolution
		HideSolutionNode = FALSE
	EndGlobalSection
	GlobalSection(ExtensibilityGlobals) = postSolution
		SolutionGuid = {FBD37453-492C-495E-A375-91D1A278417D}
	EndGlobalSection
	GlobalSection(NestedProjects) = preSolution
		{79B54DB8-4B24-4D6C-8FA3-BBFA3549653B} = {9BD20E65-5643-42A6-AFDF-E47311BBD1DA}
		{3DC2D3DD-0998-4277-A0BC-F508030C97CB} = {9BD20E65-5643-42A6-AFDF-E47311BBD1DA}
		{050DE660-A1CD-4D64-A307-96B9C21ECDF5} = {4D0E0E59-C9FE-4026-86C3-577C0A1B83D1}
		{F4794637-EFE2-4B36-83C3-7D4089ABF2D3} = {4D0E0E59-C9FE-4026-86C3-577C0A1B83D1}
		{3CC0B66E-0C5D-48C0-8998-D0A0AF0B9F21} = {0AF25425-544A-4606-9FF6-D2D8B603D8A6}
		{FCA9FAC2-CC53-4F3A-8EB5-A5CAB4D5AFD9} = {48807993-8B1F-4912-A7AF-91EE5ACE7754}
		{68A8A78A-22E2-4254-89E7-F6EBCC677054} = {48807993-8B1F-4912-A7AF-91EE5ACE7754}
		{3A44357E-B431-431A-B3AE-3FD1539B8352} = {1197196A-311B-4718-ADE7-125FD9FD1B89}
		{DDADDA13-D868-42CC-BE53-2626C1F92222} = {1197196A-311B-4718-ADE7-125FD9FD1B89}
		{632EB7C1-54EB-43CF-A25D-045789CE249A} = {1197196A-311B-4718-ADE7-125FD9FD1B89}
		{9C1622CE-F5DA-40E1-B89B-6116E2F21C7A} = {4BD5A5EF-2C56-48CC-89E3-5AB8C2A86424}
	EndGlobalSection
EndGlobal
